
Microsoft Visual Studio Solution File, Format Version 12.00
# Visual Studio Version 16
VisualStudioVersion = 16.0.28803.202
MinimumVisualStudioVersion = 10.0.40219.1
Project("{FAE04EC0-301F-11D3-BF4B-00C04F79EFBC}") = "NTierNortwindProject.DAL", "NTierNortwindProject.DAL\NTierNortwindProject.DAL.csproj", "{F81768C0-3AFB-46E6-BF76-C61D2B87ACB0}"
EndProject
Project("{FAE04EC0-301F-11D3-BF4B-00C04F79EFBC}") = "NTierNortwindProject.BLL", "NTierNortwindProject.BLL\NTierNortwindProject.BLL.csproj", "{2F11CE16-D874-451C-A9EA-939C068DFC27}"
EndProject
Project("{FAE04EC0-301F-11D3-BF4B-00C04F79EFBC}") = "NTierNortwindProject.WFA", "NTierNortwindProject.WFA\NTierNortwindProject.WFA.csproj", "{BC0DF0E0-D9AE-4F28-9191-85A47114CC2A}"
EndProject
Project("{2150E333-8FDC-42A3-9474-1A3956D46DE8}") = "Solution Item", "Solution Item", "{7B7250E4-1FE9-426F-AE7C-C08292A5332A}"
	ProjectSection(SolutionItems) = preProject
		ReadMe.txt = ReadMe.txt
	EndProjectSection
EndProject
Global
	GlobalSection(SolutionConfigurationPlatforms) = preSolution
		Debug|Any CPU = Debug|Any CPU
		Release|Any CPU = Release|Any CPU
	EndGlobalSection
	GlobalSection(ProjectConfigurationPlatforms) = postSolution
		{F81768C0-3AFB-46E6-BF76-C61D2B87ACB0}.Debug|Any CPU.ActiveCfg = Debug|Any CPU
		{F81768C0-3AFB-46E6-BF76-C61D2B87ACB0}.Debug|Any CPU.Build.0 = Debug|Any CPU
		{F81768C0-3AFB-46E6-BF76-C61D2B87ACB0}.Release|Any CPU.ActiveCfg = Release|Any CPU
		{F81768C0-3AFB-46E6-BF76-C61D2B87ACB0}.Release|Any CPU.Build.0 = Release|Any CPU
		{2F11CE16-D874-451C-A9EA-939C068DFC27}.Debug|Any CPU.ActiveCfg = Debug|Any CPU
		{2F11CE16-D874-451C-A9EA-939C068DFC27}.Debug|Any CPU.Build.0 = Debug|Any CPU
		{2F11CE16-D874-451C-A9EA-939C068DFC27}.Release|Any CPU.ActiveCfg = Release|Any CPU
		{2F11CE16-D874-451C-A9EA-939C068DFC27}.Release|Any CPU.Build.0 = Release|Any CPU
		{BC0DF0E0-D9AE-4F28-9191-85A47114CC2A}.Debug|Any CPU.ActiveCfg = Debug|Any CPU
		{BC0DF0E0-D9AE-4F28-9191-85A47114CC2A}.Debug|Any CPU.Build.0 = Debug|Any CPU
		{BC0DF0E0-D9AE-4F28-9191-85A47114CC2A}.Release|Any CPU.ActiveCfg = Release|Any CPU
		{BC0DF0E0-D9AE-4F28-9191-85A47114CC2A}.Release|Any CPU.Build.0 = Release|Any CPU
	EndGlobalSection
	GlobalSection(SolutionProperties) = preSolution
		HideSolutionNode = FALSE
	EndGlobalSection
	GlobalSection(ExtensibilityGlobals) = postSolution
		SolutionGuid = {C45E40E1-A536-45FC-8312-BF89D862CC44}
	EndGlobalSection
EndGlobal
