
Microsoft Visual Studio Solution File, Format Version 12.00
# Visual Studio Version 16
VisualStudioVersion = 16.0.28803.202
MinimumVisualStudioVersion = 10.0.40219.1
Project("{FAE04EC0-301F-11D3-BF4B-00C04F79EFBC}") = "WFA_AtYarisi", "WFA_AtYarisi\WFA_AtYarisi.csproj", "{1E4C1EC4-CBC9-46E8-B859-AC48BD193AC1}"
EndProject
Global
	GlobalSection(SolutionConfigurationPlatforms) = preSolution
		Debug|Any CPU = Debug|Any CPU
		Release|Any CPU = Release|Any CPU
	EndGlobalSection
	GlobalSection(ProjectConfigurationPlatforms) = postSolution
		{1E4C1EC4-CBC9-46E8-B859-AC48BD193AC1}.Debug|Any CPU.ActiveCfg = Debug|Any CPU
		{1E4C1EC4-CBC9-46E8-B859-AC48BD193AC1}.Debug|Any CPU.Build.0 = Debug|Any CPU
		{1E4C1EC4-CBC9-46E8-B859-AC48BD193AC1}.Release|Any CPU.ActiveCfg = Release|Any CPU
		{1E4C1EC4-CBC9-46E8-B859-AC48BD193AC1}.Release|Any CPU.Build.0 = Release|Any CPU
	EndGlobalSection
	GlobalSection(SolutionProperties) = preSolution
		HideSolutionNode = FALSE
	EndGlobalSection
	GlobalSection(ExtensibilityGlobals) = postSolution
		SolutionGuid = {016AFC90-0ADA-4144-B80C-9366D04E3543}
	EndGlobalSection
EndGlobal
