
Microsoft Visual Studio Solution File, Format Version 12.00
# Visual Studio Version 16
VisualStudioVersion = 16.0.28803.202
MinimumVisualStudioVersion = 10.0.40219.1
Project("{FAE04EC0-301F-11D3-BF4B-00C04F79EFBC}") = "WFA_Barbut", "WFA_Barbut\WFA_Barbut.csproj", "{3EA16D38-B55A-41B6-8B69-BD79310DDCF5}"
EndProject
Global
	GlobalSection(SolutionConfigurationPlatforms) = preSolution
		Debug|Any CPU = Debug|Any CPU
		Release|Any CPU = Release|Any CPU
	EndGlobalSection
	GlobalSection(ProjectConfigurationPlatforms) = postSolution
		{3EA16D38-B55A-41B6-8B69-BD79310DDCF5}.Debug|Any CPU.ActiveCfg = Debug|Any CPU
		{3EA16D38-B55A-41B6-8B69-BD79310DDCF5}.Debug|Any CPU.Build.0 = Debug|Any CPU
		{3EA16D38-B55A-41B6-8B69-BD79310DDCF5}.Release|Any CPU.ActiveCfg = Release|Any CPU
		{3EA16D38-B55A-41B6-8B69-BD79310DDCF5}.Release|Any CPU.Build.0 = Release|Any CPU
	EndGlobalSection
	GlobalSection(SolutionProperties) = preSolution
		HideSolutionNode = FALSE
	EndGlobalSection
	GlobalSection(ExtensibilityGlobals) = postSolution
		SolutionGuid = {227956CA-6077-4BBA-8A7E-5D1C243F3F58}
	EndGlobalSection
EndGlobal
